<?xml version="1.0" encoding="utf-8"?>
<Project ToolsVersion="4.0" xmlns="http://schemas.microsoft.com/developer/msbuild/2003">
  <ItemGroup>
    <Filter Include="Source Files">
      <UniqueIdentifier>{4FC737F1-C7A5-4376-A066-2A32D752A2FF}</UniqueIdentifier>
      <Extensions>cpp;c;cc;cxx;c++;cppm;ixx;def;odl;idl;hpj;bat;asm;asmx</Extensions>
    </Filter>
    <Filter Include="Header Files">
      <UniqueIdentifier>{93995380-89BD-4b04-88EB-625FBE52EBFB}</UniqueIdentifier>
      <Extensions>h;hh;hpp;hxx;h++;hm;inl;inc;ipp;xsd</Extensions>
    </Filter>
    <Filter Include="Resource Files">
      <UniqueIdentifier>{67DA6AB6-F800-4c08-8B7A-83BB121AAD01}</UniqueIdentifier>
      <Extensions>rc;ico;cur;bmp;dlg;rc2;rct;bin;rgs;gif;jpg;jpeg;jpe;resx;tiff;tif;png;wav;mfcribbon-ms</Extensions>
    </Filter>
  </ItemGroup>
  <ItemGroup>
    <ClInclude Include="..\resources\Resource.h">
      <Filter>Header Files</Filter>
    </ClInclude>
    <ClInclude Include="..\decompiled\pch.h">
      <Filter>Header Files</Filter>
    </ClInclude>
    <ClInclude Include="..\vars.h">
      <Filter>Header Files</Filter>
    </ClInclude>
    <ClInclude Include="..\bios_descr.h">
      <Filter>Header Files</Filter>
    </ClInclude>
    <ClInclude Include="..\psxdefs.h">
      <Filter>Header Files</Filter>
    </ClInclude>
    <ClInclude Include="..\gte.h">
      <Filter>Header Files</Filter>
    </ClInclude>
    <ClInclude Include="..\zip.h">
      <Filter>Header Files</Filter>
    </ClInclude>
    <ClInclude Include="..\psemu.h">
      <Filter>Header Files</Filter>
    </ClInclude>
  </ItemGroup>
  <ItemGroup>
    <ClCompile Include="..\decompiled\about_callback.c">
      <Filter>Source Files</Filter>
    </ClCompile>
    <ClCompile Include="..\decompiled\alloc_console.c">
      <Filter>Source Files</Filter>
    </ClCompile>
    <ClCompile Include="..\decompiled\Big_Motor.c">
      <Filter>Source Files</Filter>
    </ClCompile>
    <ClCompile Include="..\decompiled\bios_dialog_callback.c">
      <Filter>Source Files</Filter>
    </ClCompile>
    <ClCompile Include="..\decompiled\cdr_freeze.c">
      <Filter>Source Files</Filter>
    </ClCompile>
    <ClCompile Include="..\decompiled\cdrom_assert_int.c">
      <Filter>Source Files</Filter>
    </ClCompile>
    <ClCompile Include="..\decompiled\cdrom_detect_region.c">
      <Filter>Source Files</Filter>
    </ClCompile>
    <ClCompile Include="..\decompiled\cheat_dialog_callback.c">
      <Filter>Source Files</Filter>
    </ClCompile>
    <ClCompile Include="..\decompiled\check_state_exists.c">
      <Filter>Source Files</Filter>
    </ClCompile>
    <ClCompile Include="..\decompiled\clear_memory.c">
      <Filter>Source Files</Filter>
    </ClCompile>
    <ClCompile Include="..\decompiled\cmdline_set_bios_name.c">
      <Filter>Source Files</Filter>
    </ClCompile>
    <ClCompile Include="..\decompiled\cpu_interrupt.c">
      <Filter>Source Files</Filter>
    </ClCompile>
    <ClCompile Include="..\decompiled\create_main_window.c">
      <Filter>Source Files</Filter>
    </ClCompile>
    <ClCompile Include="..\decompiled\dbg_print.c">
      <Filter>Source Files</Filter>
    </ClCompile>
    <ClCompile Include="..\decompiled\dbg_print_no_flush.c">
      <Filter>Source Files</Filter>
    </ClCompile>
    <ClCompile Include="..\decompiled\dma_assert_int.c">
      <Filter>Source Files</Filter>
    </ClCompile>
    <ClCompile Include="..\decompiled\dma_mem_read.c">
      <Filter>Source Files</Filter>
    </ClCompile>
    <ClCompile Include="..\decompiled\dynarec_compile.c">
      <Filter>Source Files</Filter>
    </ClCompile>
    <ClCompile Include="..\decompiled\epsxe_load.c">
      <Filter>Source Files</Filter>
    </ClCompile>
    <ClCompile Include="..\decompiled\epsxe_load_demo.c">
      <Filter>Source Files</Filter>
    </ClCompile>
    <ClCompile Include="..\decompiled\epsxe_load_zip.c">
      <Filter>Source Files</Filter>
    </ClCompile>
    <ClCompile Include="..\decompiled\epsxe_main_loop_runner.c">
      <Filter>Source Files</Filter>
    </ClCompile>
    <ClCompile Include="..\decompiled\ext_CDR_read.c">
      <Filter>Source Files</Filter>
    </ClCompile>
    <ClCompile Include="..\decompiled\ext_cdrom_deinit.c">
      <Filter>Source Files</Filter>
    </ClCompile>
    <ClCompile Include="..\decompiled\ext_cdrom_load_plugin.c">
      <Filter>Source Files</Filter>
    </ClCompile>
    <ClCompile Include="..\decompiled\ext_CDRplay.c">
      <Filter>Source Files</Filter>
    </ClCompile>
    <ClCompile Include="..\decompiled\ext_CDRstop.c">
      <Filter>Source Files</Filter>
    </ClCompile>
    <ClCompile Include="..\decompiled\fatal_error_with_message_box.c">
      <Filter>Source Files</Filter>
    </ClCompile>
    <ClCompile Include="..\decompiled\free_console.c">
      <Filter>Source Files</Filter>
    </ClCompile>
    <ClCompile Include="..\decompiled\get_gpu_freeze_counter.c">
      <Filter>Source Files</Filter>
    </ClCompile>
    <ClCompile Include="..\decompiled\get_tick_count.c">
      <Filter>Source Files</Filter>
    </ClCompile>
    <ClCompile Include="..\decompiled\gpu_close.c">
      <Filter>Source Files</Filter>
    </ClCompile>
    <ClCompile Include="..\decompiled\gpu_destroy.c">
      <Filter>Source Files</Filter>
    </ClCompile>
    <ClCompile Include="..\decompiled\gpu_display_flags.c">
      <Filter>Source Files</Filter>
    </ClCompile>
    <ClCompile Include="..\decompiled\gpu_dma.c">
      <Filter>Source Files</Filter>
    </ClCompile>
    <ClCompile Include="..\decompiled\gpu_dma_read.c">
      <Filter>Source Files</Filter>
    </ClCompile>
    <ClCompile Include="..\decompiled\gpu_dma_write.c">
      <Filter>Source Files</Filter>
    </ClCompile>
    <ClCompile Include="..\decompiled\gpu_freeze.c">
      <Filter>Source Files</Filter>
    </ClCompile>
    <ClCompile Include="..\decompiled\gpu_freeze_with_counter.c">
      <Filter>Source Files</Filter>
    </ClCompile>
    <ClCompile Include="..\decompiled\gpu_load_plugin.c">
      <Filter>Source Files</Filter>
    </ClCompile>
    <ClCompile Include="..\decompiled\gpu_make_snapshot.c">
      <Filter>Source Files</Filter>
    </ClCompile>
    <ClCompile Include="..\decompiled\gpu_open.c">
      <Filter>Source Files</Filter>
    </ClCompile>
    <ClCompile Include="..\decompiled\gpu_show_screen_pic.c">
      <Filter>Source Files</Filter>
    </ClCompile>
    <ClCompile Include="..\decompiled\gpu_unfreeze.c">
      <Filter>Source Files</Filter>
    </ClCompile>
    <ClCompile Include="..\decompiled\gte_clamp.c">
      <Filter>Source Files</Filter>
    </ClCompile>
    <ClCompile Include="..\decompiled\gte_freeze.c">
      <Filter>Source Files</Filter>
    </ClCompile>
    <ClCompile Include="..\decompiled\gte_unfreeze.c">
      <Filter>Source Files</Filter>
    </ClCompile>
    <ClCompile Include="..\decompiled\hw_reg_read_byte.c">
      <Filter>Source Files</Filter>
    </ClCompile>
    <ClCompile Include="..\decompiled\hw_reg_read_half.c">
      <Filter>Source Files</Filter>
    </ClCompile>
    <ClCompile Include="..\decompiled\hw_reg_read_word.c">
      <Filter>Source Files</Filter>
    </ClCompile>
    <ClCompile Include="..\decompiled\hw_reg_write_byte.c">
      <Filter>Source Files</Filter>
    </ClCompile>
    <ClCompile Include="..\decompiled\hw_reg_write_half.c">
      <Filter>Source Files</Filter>
    </ClCompile>
    <ClCompile Include="..\decompiled\hw_reg_write_word.c">
      <Filter>Source Files</Filter>
    </ClCompile>
    <ClCompile Include="..\decompiled\init_memory_handlers.c">
      <Filter>Source Files</Filter>
    </ClCompile>
    <ClCompile Include="..\decompiled\iso_close.c">
      <Filter>Source Files</Filter>
    </ClCompile>
    <ClCompile Include="..\decompiled\load_bios.c">
      <Filter>Source Files</Filter>
    </ClCompile>
    <ClCompile Include="..\decompiled\load_cheat_file.c">
      <Filter>Source Files</Filter>
    </ClCompile>
    <ClCompile Include="..\decompiled\load_cheats.c">
      <Filter>Source Files</Filter>
    </ClCompile>
    <ClCompile Include="..\decompiled\main_window_callback.c">
      <Filter>Source Files</Filter>
    </ClCompile>
    <ClCompile Include="..\decompiled\mdec_decode.c">
      <Filter>Source Files</Filter>
    </ClCompile>
    <ClCompile Include="..\decompiled\mdec_idct_sse.c">
      <Filter>Source Files</Filter>
    </ClCompile>
    <ClCompile Include="..\decompiled\mem_freeze.c">
      <Filter>Source Files</Filter>
    </ClCompile>
    <ClCompile Include="..\decompiled\mem_read_half.c">
      <Filter>Source Files</Filter>
    </ClCompile>
    <ClCompile Include="..\decompiled\mem_read_word.c">
      <Filter>Source Files</Filter>
    </ClCompile>
    <ClCompile Include="..\decompiled\mem_unfreeze.c">
      <Filter>Source Files</Filter>
    </ClCompile>
    <ClCompile Include="..\decompiled\mem_write_half.c">
      <Filter>Source Files</Filter>
    </ClCompile>
    <ClCompile Include="..\decompiled\mem_write_word.c">
      <Filter>Source Files</Filter>
    </ClCompile>
    <ClCompile Include="..\decompiled\memcard_all_save.c">
      <Filter>Source Files</Filter>
    </ClCompile>
    <ClCompile Include="..\decompiled\memcard_load.c">
      <Filter>Source Files</Filter>
    </ClCompile>
    <ClCompile Include="..\decompiled\memcard_settings.c">
      <Filter>Source Files</Filter>
    </ClCompile>
    <ClCompile Include="..\decompiled\memcard1_save.c">
      <Filter>Source Files</Filter>
    </ClCompile>
    <ClCompile Include="..\decompiled\memcard2_save.c">
      <Filter>Source Files</Filter>
    </ClCompile>
    <ClCompile Include="..\decompiled\net_close.c">
      <Filter>Source Files</Filter>
    </ClCompile>
    <ClCompile Include="..\decompiled\net_load_plugin.c">
      <Filter>Source Files</Filter>
    </ClCompile>
    <ClCompile Include="..\decompiled\net_open.c">
      <Filter>Source Files</Filter>
    </ClCompile>
    <ClCompile Include="..\decompiled\netplay_handler.c">
      <Filter>Source Files</Filter>
    </ClCompile>
    <ClCompile Include="..\decompiled\nullsub_1.c">
      <Filter>Source Files</Filter>
    </ClCompile>
    <ClCompile Include="..\decompiled\nullsub_3.c">
      <Filter>Source Files</Filter>
    </ClCompile>
    <ClCompile Include="..\decompiled\nullsub_4.c">
      <Filter>Source Files</Filter>
    </ClCompile>
    <ClCompile Include="..\decompiled\nullsub_5.c">
      <Filter>Source Files</Filter>
    </ClCompile>
    <ClCompile Include="..\decompiled\nullsub_6.c">
      <Filter>Source Files</Filter>
    </ClCompile>
    <ClCompile Include="..\decompiled\op_ADD.c">
      <Filter>Source Files</Filter>
    </ClCompile>
    <ClCompile Include="..\decompiled\op_ADDI.c">
      <Filter>Source Files</Filter>
    </ClCompile>
    <ClCompile Include="..\decompiled\op_AND.c">
      <Filter>Source Files</Filter>
    </ClCompile>
    <ClCompile Include="..\decompiled\op_ANDI.c">
      <Filter>Source Files</Filter>
    </ClCompile>
    <ClCompile Include="..\decompiled\op_BCONDZ.c">
      <Filter>Source Files</Filter>
    </ClCompile>
    <ClCompile Include="..\decompiled\op_BEQ.c">
      <Filter>Source Files</Filter>
    </ClCompile>
    <ClCompile Include="..\decompiled\op_BGTZ.c">
      <Filter>Source Files</Filter>
    </ClCompile>
    <ClCompile Include="..\decompiled\op_BLEZ.c">
      <Filter>Source Files</Filter>
    </ClCompile>
    <ClCompile Include="..\decompiled\op_BNE.c">
      <Filter>Source Files</Filter>
    </ClCompile>
    <ClCompile Include="..\decompiled\op_COP0.c">
      <Filter>Source Files</Filter>
    </ClCompile>
    <ClCompile Include="..\decompiled\op_DIV.c">
      <Filter>Source Files</Filter>
    </ClCompile>
    <ClCompile Include="..\decompiled\op_DIVU.c">
      <Filter>Source Files</Filter>
    </ClCompile>
    <ClCompile Include="..\decompiled\op_J.c">
      <Filter>Source Files</Filter>
    </ClCompile>
    <ClCompile Include="..\decompiled\op_JAL.c">
      <Filter>Source Files</Filter>
    </ClCompile>
    <ClCompile Include="..\decompiled\op_JALR.c">
      <Filter>Source Files</Filter>
    </ClCompile>
    <ClCompile Include="..\decompiled\op_JR.c">
      <Filter>Source Files</Filter>
    </ClCompile>
    <ClCompile Include="..\decompiled\op_LB.c">
      <Filter>Source Files</Filter>
    </ClCompile>
    <ClCompile Include="..\decompiled\op_LBU.c">
      <Filter>Source Files</Filter>
    </ClCompile>
    <ClCompile Include="..\decompiled\op_LH.c">
      <Filter>Source Files</Filter>
    </ClCompile>
    <ClCompile Include="..\decompiled\op_LHU.c">
      <Filter>Source Files</Filter>
    </ClCompile>
    <ClCompile Include="..\decompiled\op_LUI.c">
      <Filter>Source Files</Filter>
    </ClCompile>
    <ClCompile Include="..\decompiled\op_LW.c">
      <Filter>Source Files</Filter>
    </ClCompile>
    <ClCompile Include="..\decompiled\op_LWC2.c">
      <Filter>Source Files</Filter>
    </ClCompile>
    <ClCompile Include="..\decompiled\op_LWL.c">
      <Filter>Source Files</Filter>
    </ClCompile>
    <ClCompile Include="..\decompiled\op_LWR.c">
      <Filter>Source Files</Filter>
    </ClCompile>
    <ClCompile Include="..\decompiled\op_MFC0.c">
      <Filter>Source Files</Filter>
    </ClCompile>
    <ClCompile Include="..\decompiled\op_MFHI.c">
      <Filter>Source Files</Filter>
    </ClCompile>
    <ClCompile Include="..\decompiled\op_MFLO.c">
      <Filter>Source Files</Filter>
    </ClCompile>
    <ClCompile Include="..\decompiled\op_MTC0.c">
      <Filter>Source Files</Filter>
    </ClCompile>
    <ClCompile Include="..\decompiled\op_MTHI.c">
      <Filter>Source Files</Filter>
    </ClCompile>
    <ClCompile Include="..\decompiled\op_MTLO.c">
      <Filter>Source Files</Filter>
    </ClCompile>
    <ClCompile Include="..\decompiled\op_MULT.c">
      <Filter>Source Files</Filter>
    </ClCompile>
    <ClCompile Include="..\decompiled\op_MULTU.c">
      <Filter>Source Files</Filter>
    </ClCompile>
    <ClCompile Include="..\decompiled\op_NOR.c">
      <Filter>Source Files</Filter>
    </ClCompile>
    <ClCompile Include="..\decompiled\op_OR.c">
      <Filter>Source Files</Filter>
    </ClCompile>
    <ClCompile Include="..\decompiled\op_ORI.c">
      <Filter>Source Files</Filter>
    </ClCompile>
    <ClCompile Include="..\decompiled\op_SB.c">
      <Filter>Source Files</Filter>
    </ClCompile>
    <ClCompile Include="..\decompiled\op_SH.c">
      <Filter>Source Files</Filter>
    </ClCompile>
    <ClCompile Include="..\decompiled\op_SLL.c">
      <Filter>Source Files</Filter>
    </ClCompile>
    <ClCompile Include="..\decompiled\op_SLLV.c">
      <Filter>Source Files</Filter>
    </ClCompile>
    <ClCompile Include="..\decompiled\op_SLT.c">
      <Filter>Source Files</Filter>
    </ClCompile>
    <ClCompile Include="..\decompiled\op_SLTI.c">
      <Filter>Source Files</Filter>
    </ClCompile>
    <ClCompile Include="..\decompiled\op_SLTIU.c">
      <Filter>Source Files</Filter>
    </ClCompile>
    <ClCompile Include="..\decompiled\op_SLTU.c">
      <Filter>Source Files</Filter>
    </ClCompile>
    <ClCompile Include="..\decompiled\op_SPECIAL.c">
      <Filter>Source Files</Filter>
    </ClCompile>
    <ClCompile Include="..\decompiled\op_SRA.c">
      <Filter>Source Files</Filter>
    </ClCompile>
    <ClCompile Include="..\decompiled\op_SRAV.c">
      <Filter>Source Files</Filter>
    </ClCompile>
    <ClCompile Include="..\decompiled\op_SRL.c">
      <Filter>Source Files</Filter>
    </ClCompile>
    <ClCompile Include="..\decompiled\op_SRLV.c">
      <Filter>Source Files</Filter>
    </ClCompile>
    <ClCompile Include="..\decompiled\op_SUB.c">
      <Filter>Source Files</Filter>
    </ClCompile>
    <ClCompile Include="..\decompiled\op_SW.c">
      <Filter>Source Files</Filter>
    </ClCompile>
    <ClCompile Include="..\decompiled\op_SWC2.c">
      <Filter>Source Files</Filter>
    </ClCompile>
    <ClCompile Include="..\decompiled\op_SWL.c">
      <Filter>Source Files</Filter>
    </ClCompile>
    <ClCompile Include="..\decompiled\op_SWR.c">
      <Filter>Source Files</Filter>
    </ClCompile>
    <ClCompile Include="..\decompiled\op_SYSCALL.c">
      <Filter>Source Files</Filter>
    </ClCompile>
    <ClCompile Include="..\decompiled\op_UNKNOWN.c">
      <Filter>Source Files</Filter>
    </ClCompile>
    <ClCompile Include="..\decompiled\op_XOR.c">
      <Filter>Source Files</Filter>
    </ClCompile>
    <ClCompile Include="..\decompiled\op_XORI.c">
      <Filter>Source Files</Filter>
    </ClCompile>
    <ClCompile Include="..\decompiled\open_file_dialog.c">
      <Filter>Source Files</Filter>
    </ClCompile>
    <ClCompile Include="..\decompiled\parse_command_line_options.c">
      <Filter>Source Files</Filter>
    </ClCompile>
    <ClCompile Include="..\decompiled\patch_game.c">
      <Filter>Source Files</Filter>
    </ClCompile>
    <ClCompile Include="..\decompiled\pch.c">
      <Filter>Source Files</Filter>
    </ClCompile>
    <ClCompile Include="..\decompiled\print_develop_options.c">
      <Filter>Source Files</Filter>
    </ClCompile>
    <ClCompile Include="..\decompiled\print_usage.c">
      <Filter>Source Files</Filter>
    </ClCompile>
    <ClCompile Include="..\decompiled\print_version.c">
      <Filter>Source Files</Filter>
    </ClCompile>
    <ClCompile Include="..\decompiled\rcnt_write_reg.c">
      <Filter>Source Files</Filter>
    </ClCompile>
    <ClCompile Include="..\decompiled\register_win_class.c">
      <Filter>Source Files</Filter>
    </ClCompile>
    <ClCompile Include="..\decompiled\reopen_console_log.c">
      <Filter>Source Files</Filter>
    </ClCompile>
    <ClCompile Include="..\decompiled\save_load_state.c">
      <Filter>Source Files</Filter>
    </ClCompile>
    <ClCompile Include="..\decompiled\search_cdrom_plugin.c">
      <Filter>Source Files</Filter>
    </ClCompile>
    <ClCompile Include="..\decompiled\search_net_plugin.c">
      <Filter>Source Files</Filter>
    </ClCompile>
    <ClCompile Include="..\decompiled\search_spu_plugin.c">
      <Filter>Source Files</Filter>
    </ClCompile>
    <ClCompile Include="..\decompiled\search_video_plugin.c">
      <Filter>Source Files</Filter>
    </ClCompile>
    <ClCompile Include="..\decompiled\select_cdrom_core.c">
      <Filter>Source Files</Filter>
    </ClCompile>
    <ClCompile Include="..\decompiled\select_plugins_backend.c">
      <Filter>Source Files</Filter>
    </ClCompile>
    <ClCompile Include="..\decompiled\set_gpu_freeze_counter.c">
      <Filter>Source Files</Filter>
    </ClCompile>
    <ClCompile Include="..\decompiled\setup_wizard_begin.c">
      <Filter>Source Files</Filter>
    </ClCompile>
    <ClCompile Include="..\decompiled\setup_wizard_callback.c">
      <Filter>Source Files</Filter>
    </ClCompile>
    <ClCompile Include="..\decompiled\setup_wizard_controllers.c">
      <Filter>Source Files</Filter>
    </ClCompile>
    <ClCompile Include="..\decompiled\setup_wizard_end.c">
      <Filter>Source Files</Filter>
    </ClCompile>
    <ClCompile Include="..\decompiled\setup_wizard_search_bios.c">
      <Filter>Source Files</Filter>
    </ClCompile>
    <ClCompile Include="..\decompiled\setup_wizard_search_cdrom_plugin.c">
      <Filter>Source Files</Filter>
    </ClCompile>
    <ClCompile Include="..\decompiled\setup_wizard_search_spu_plugin.c">
      <Filter>Source Files</Filter>
    </ClCompile>
    <ClCompile Include="..\decompiled\setup_wizard_search_video_plugin.c">
      <Filter>Source Files</Filter>
    </ClCompile>
    <ClCompile Include="..\decompiled\sio_assert_int.c">
      <Filter>Source Files</Filter>
    </ClCompile>
    <ClCompile Include="..\decompiled\sio_command.c">
      <Filter>Source Files</Filter>
    </ClCompile>
    <ClCompile Include="..\decompiled\sio_data_read.c">
      <Filter>Source Files</Filter>
    </ClCompile>
    <ClCompile Include="..\decompiled\sio_data_write.c">
      <Filter>Source Files</Filter>
    </ClCompile>
    <ClCompile Include="..\decompiled\sio_freeze.c">
      <Filter>Source Files</Filter>
    </ClCompile>
    <ClCompile Include="..\decompiled\sio_read.c">
      <Filter>Source Files</Filter>
    </ClCompile>
    <ClCompile Include="..\decompiled\sio_read_half.c">
      <Filter>Source Files</Filter>
    </ClCompile>
    <ClCompile Include="..\decompiled\sio_read_word.c">
      <Filter>Source Files</Filter>
    </ClCompile>
    <ClCompile Include="..\decompiled\sio_reset.c">
      <Filter>Source Files</Filter>
    </ClCompile>
    <ClCompile Include="..\decompiled\sio_unfreeze.c">
      <Filter>Source Files</Filter>
    </ClCompile>
    <ClCompile Include="..\decompiled\Small_Motor.c">
      <Filter>Source Files</Filter>
    </ClCompile>
    <ClCompile Include="..\decompiled\spu_async_update.c">
      <Filter>Source Files</Filter>
    </ClCompile>
    <ClCompile Include="..\decompiled\spu_close.c">
      <Filter>Source Files</Filter>
    </ClCompile>
    <ClCompile Include="..\decompiled\spu_destroy.c">
      <Filter>Source Files</Filter>
    </ClCompile>
    <ClCompile Include="..\decompiled\spu_dma.c">
      <Filter>Source Files</Filter>
    </ClCompile>
    <ClCompile Include="..\decompiled\spu_freeze.c">
      <Filter>Source Files</Filter>
    </ClCompile>
    <ClCompile Include="..\decompiled\spu_load_plugin.c">
      <Filter>Source Files</Filter>
    </ClCompile>
    <ClCompile Include="..\decompiled\spu_open.c">
      <Filter>Source Files</Filter>
    </ClCompile>
    <ClCompile Include="..\decompiled\spu_play_adpcm.c">
      <Filter>Source Files</Filter>
    </ClCompile>
    <ClCompile Include="..\decompiled\spu_read_register.c">
      <Filter>Source Files</Filter>
    </ClCompile>
    <ClCompile Include="..\decompiled\spu_set_adpcm_flag.c">
      <Filter>Source Files</Filter>
    </ClCompile>
    <ClCompile Include="..\decompiled\spu_unfreeze.c">
      <Filter>Source Files</Filter>
    </ClCompile>
    <ClCompile Include="..\decompiled\spu_update.c">
      <Filter>Source Files</Filter>
    </ClCompile>
    <ClCompile Include="..\decompiled\spu_write_register.c">
      <Filter>Source Files</Filter>
    </ClCompile>
    <ClCompile Include="..\decompiled\spucore_configure_dialog_callback.c">
      <Filter>Source Files</Filter>
    </ClCompile>
    <ClCompile Include="..\decompiled\spucore_destroy.c">
      <Filter>Source Files</Filter>
    </ClCompile>
    <ClCompile Include="..\decompiled\spucore_dma.c">
      <Filter>Source Files</Filter>
    </ClCompile>
    <ClCompile Include="..\decompiled\spucore_freeze.c">
      <Filter>Source Files</Filter>
    </ClCompile>
    <ClCompile Include="..\decompiled\spucore_init.c">
      <Filter>Source Files</Filter>
    </ClCompile>
    <ClCompile Include="..\decompiled\spucore_play_adpcm.c">
      <Filter>Source Files</Filter>
    </ClCompile>
    <ClCompile Include="..\decompiled\spucore_read_register.c">
      <Filter>Source Files</Filter>
    </ClCompile>
    <ClCompile Include="..\decompiled\spucore_unfreeze.c">
      <Filter>Source Files</Filter>
    </ClCompile>
    <ClCompile Include="..\decompiled\spucore_write_register.c">
      <Filter>Source Files</Filter>
    </ClCompile>
    <ClCompile Include="..\decompiled\state_load.c">
      <Filter>Source Files</Filter>
    </ClCompile>
    <ClCompile Include="..\decompiled\state_save.c">
      <Filter>Source Files</Filter>
    </ClCompile>
    <ClCompile Include="..\decompiled\sub_41BC30.c">
      <Filter>Source Files</Filter>
    </ClCompile>
    <ClCompile Include="..\decompiled\sub_41BD60.c">
      <Filter>Source Files</Filter>
    </ClCompile>
    <ClCompile Include="..\decompiled\sub_41BDC0.c">
      <Filter>Source Files</Filter>
    </ClCompile>
    <ClCompile Include="..\decompiled\sub_41BEA0.c">
      <Filter>Source Files</Filter>
    </ClCompile>
    <ClCompile Include="..\decompiled\sub_41C010.c">
      <Filter>Source Files</Filter>
    </ClCompile>
    <ClCompile Include="..\decompiled\sub_41C220.c">
      <Filter>Source Files</Filter>
    </ClCompile>
    <ClCompile Include="..\decompiled\sub_41C390.c">
      <Filter>Source Files</Filter>
    </ClCompile>
    <ClCompile Include="..\decompiled\sub_42A950.c">
      <Filter>Source Files</Filter>
    </ClCompile>
    <ClCompile Include="..\decompiled\sub_42AFD0.c">
      <Filter>Source Files</Filter>
    </ClCompile>
    <ClCompile Include="..\decompiled\sub_42B1E0.c">
      <Filter>Source Files</Filter>
    </ClCompile>
    <ClCompile Include="..\decompiled\sub_42B2A0.c">
      <Filter>Source Files</Filter>
    </ClCompile>
    <ClCompile Include="..\decompiled\sub_42B6A0.c">
      <Filter>Source Files</Filter>
    </ClCompile>
    <ClCompile Include="..\decompiled\sub_42B070.c">
      <Filter>Source Files</Filter>
    </ClCompile>
    <ClCompile Include="..\decompiled\sub_42B080.c">
      <Filter>Source Files</Filter>
    </ClCompile>
    <ClCompile Include="..\decompiled\sub_42C6D0.c">
      <Filter>Source Files</Filter>
    </ClCompile>
    <ClCompile Include="..\decompiled\sub_42C7E0.c">
      <Filter>Source Files</Filter>
    </ClCompile>
    <ClCompile Include="..\decompiled\sub_42C8B0.c">
      <Filter>Source Files</Filter>
    </ClCompile>
    <ClCompile Include="..\decompiled\sub_42C8D0.c">
      <Filter>Source Files</Filter>
    </ClCompile>
    <ClCompile Include="..\decompiled\sub_42C9A0.c">
      <Filter>Source Files</Filter>
    </ClCompile>
    <ClCompile Include="..\decompiled\sub_42C710.c">
      <Filter>Source Files</Filter>
    </ClCompile>
    <ClCompile Include="..\decompiled\sub_42C820.c">
      <Filter>Source Files</Filter>
    </ClCompile>
    <ClCompile Include="..\decompiled\sub_42C830.c">
      <Filter>Source Files</Filter>
    </ClCompile>
    <ClCompile Include="..\decompiled\sub_42CA00.c">
      <Filter>Source Files</Filter>
    </ClCompile>
    <ClCompile Include="..\decompiled\sub_42CA70.c">
      <Filter>Source Files</Filter>
    </ClCompile>
    <ClCompile Include="..\decompiled\sub_42CDE0.c">
      <Filter>Source Files</Filter>
    </ClCompile>
    <ClCompile Include="..\decompiled\sub_42CE40.c">
      <Filter>Source Files</Filter>
    </ClCompile>
    <ClCompile Include="..\decompiled\sub_42CED0.c">
      <Filter>Source Files</Filter>
    </ClCompile>
    <ClCompile Include="..\decompiled\sub_42D0E0.c">
      <Filter>Source Files</Filter>
    </ClCompile>
    <ClCompile Include="..\decompiled\sub_42D3C0.c">
      <Filter>Source Files</Filter>
    </ClCompile>
    <ClCompile Include="..\decompiled\sub_42D010.c">
      <Filter>Source Files</Filter>
    </ClCompile>
    <ClCompile Include="..\decompiled\sub_42D440.c">
      <Filter>Source Files</Filter>
    </ClCompile>
    <ClCompile Include="..\decompiled\sub_42D620.c">
      <Filter>Source Files</Filter>
    </ClCompile>
    <ClCompile Include="..\decompiled\sub_42DBC0.c">
      <Filter>Source Files</Filter>
    </ClCompile>
    <ClCompile Include="..\decompiled\sub_42DBE0.c">
      <Filter>Source Files</Filter>
    </ClCompile>
    <ClCompile Include="..\decompiled\sub_42DED0.c">
      <Filter>Source Files</Filter>
    </ClCompile>
    <ClCompile Include="..\decompiled\sub_42DF80.c">
      <Filter>Source Files</Filter>
    </ClCompile>
    <ClCompile Include="..\decompiled\sub_42E3A0.c">
      <Filter>Source Files</Filter>
    </ClCompile>
    <ClCompile Include="..\decompiled\sub_42E450.c">
      <Filter>Source Files</Filter>
    </ClCompile>
    <ClCompile Include="..\decompiled\sub_42E650.c">
      <Filter>Source Files</Filter>
    </ClCompile>
    <ClCompile Include="..\decompiled\sub_42E940.c">
      <Filter>Source Files</Filter>
    </ClCompile>
    <ClCompile Include="..\decompiled\sub_42EB00.c">
      <Filter>Source Files</Filter>
    </ClCompile>
    <ClCompile Include="..\decompiled\sub_42EBF0.c">
      <Filter>Source Files</Filter>
    </ClCompile>
    <ClCompile Include="..\decompiled\sub_42EDF0.c">
      <Filter>Source Files</Filter>
    </ClCompile>
    <ClCompile Include="..\decompiled\sub_42EE20.c">
      <Filter>Source Files</Filter>
    </ClCompile>
    <ClCompile Include="..\decompiled\sub_42F5F0.c">
      <Filter>Source Files</Filter>
    </ClCompile>
    <ClCompile Include="..\decompiled\sub_42F610.c">
      <Filter>Source Files</Filter>
    </ClCompile>
    <ClCompile Include="..\decompiled\sub_42FA70.c">
      <Filter>Source Files</Filter>
    </ClCompile>
    <ClCompile Include="..\decompiled\sub_42FCB0.c">
      <Filter>Source Files</Filter>
    </ClCompile>
    <ClCompile Include="..\decompiled\sub_42FF60.c">
      <Filter>Source Files</Filter>
    </ClCompile>
    <ClCompile Include="..\decompiled\sub_407FA0.c">
      <Filter>Source Files</Filter>
    </ClCompile>
    <ClCompile Include="..\decompiled\sub_420D60.c">
      <Filter>Source Files</Filter>
    </ClCompile>
    <ClCompile Include="..\decompiled\sub_420DB0.c">
      <Filter>Source Files</Filter>
    </ClCompile>
    <ClCompile Include="..\decompiled\sub_420F90.c">
      <Filter>Source Files</Filter>
    </ClCompile>
    <ClCompile Include="..\decompiled\sub_421B10.c">
      <Filter>Source Files</Filter>
    </ClCompile>
    <ClCompile Include="..\decompiled\sub_421B40.c">
      <Filter>Source Files</Filter>
    </ClCompile>
    <ClCompile Include="..\decompiled\sub_421FD0.c">
      <Filter>Source Files</Filter>
    </ClCompile>
    <ClCompile Include="..\decompiled\sub_429A70.c">
      <Filter>Source Files</Filter>
    </ClCompile>
    <ClCompile Include="..\decompiled\sub_429B90.c">
      <Filter>Source Files</Filter>
    </ClCompile>
    <ClCompile Include="..\decompiled\sub_429C30.c">
      <Filter>Source Files</Filter>
    </ClCompile>
    <ClCompile Include="..\decompiled\sub_429D20.c">
      <Filter>Source Files</Filter>
    </ClCompile>
    <ClCompile Include="..\decompiled\sub_430A00.c">
      <Filter>Source Files</Filter>
    </ClCompile>
    <ClCompile Include="..\decompiled\sub_430E40.c">
      <Filter>Source Files</Filter>
    </ClCompile>
    <ClCompile Include="..\decompiled\sub_431A20.c">
      <Filter>Source Files</Filter>
    </ClCompile>
    <ClCompile Include="..\decompiled\sub_431AB0.c">
      <Filter>Source Files</Filter>
    </ClCompile>
    <ClCompile Include="..\decompiled\sub_431B00.c">
      <Filter>Source Files</Filter>
    </ClCompile>
    <ClCompile Include="..\decompiled\sub_433B70.c">
      <Filter>Source Files</Filter>
    </ClCompile>
    <ClCompile Include="..\decompiled\sub_433C10.c">
      <Filter>Source Files</Filter>
    </ClCompile>
    <ClCompile Include="..\decompiled\sub_434AC0.c">
      <Filter>Source Files</Filter>
    </ClCompile>
    <ClCompile Include="..\decompiled\sub_434B80.c">
      <Filter>Source Files</Filter>
    </ClCompile>
    <ClCompile Include="..\decompiled\sub_434C60.c">
      <Filter>Source Files</Filter>
    </ClCompile>
    <ClCompile Include="..\decompiled\sub_434D40.c">
      <Filter>Source Files</Filter>
    </ClCompile>
    <ClCompile Include="..\decompiled\sub_434DF0.c">
      <Filter>Source Files</Filter>
    </ClCompile>
    <ClCompile Include="..\decompiled\sub_434EE0.c">
      <Filter>Source Files</Filter>
    </ClCompile>
    <ClCompile Include="..\decompiled\sub_434F70.c">
      <Filter>Source Files</Filter>
    </ClCompile>
    <ClCompile Include="..\decompiled\sub_436B50.c">
      <Filter>Source Files</Filter>
    </ClCompile>
    <ClCompile Include="..\decompiled\sub_436F60.c">
      <Filter>Source Files</Filter>
    </ClCompile>
    <ClCompile Include="..\decompiled\sub_4238B0.c">
      <Filter>Source Files</Filter>
    </ClCompile>
    <ClCompile Include="..\decompiled\sub_4281B0.c">
      <Filter>Source Files</Filter>
    </ClCompile>
    <ClCompile Include="..\decompiled\sub_4291E0.c">
      <Filter>Source Files</Filter>
    </ClCompile>
    <ClCompile Include="..\decompiled\sub_4292C0.c">
      <Filter>Source Files</Filter>
    </ClCompile>
    <ClCompile Include="..\decompiled\sub_4304E0.c">
      <Filter>Source Files</Filter>
    </ClCompile>
    <ClCompile Include="..\decompiled\sub_4314A0.c">
      <Filter>Source Files</Filter>
    </ClCompile>
    <ClCompile Include="..\decompiled\sub_4314C0.c">
      <Filter>Source Files</Filter>
    </ClCompile>
    <ClCompile Include="..\decompiled\sub_4315A0.c">
      <Filter>Source Files</Filter>
    </ClCompile>
    <ClCompile Include="..\decompiled\sub_4337F0.c">
      <Filter>Source Files</Filter>
    </ClCompile>
    <ClCompile Include="..\decompiled\sub_4341C0.c">
      <Filter>Source Files</Filter>
    </ClCompile>
    <ClCompile Include="..\decompiled\sub_4341E0.c">
      <Filter>Source Files</Filter>
    </ClCompile>
    <ClCompile Include="..\decompiled\sub_4342D0.c">
      <Filter>Source Files</Filter>
    </ClCompile>
    <ClCompile Include="..\decompiled\sub_4345E0.c">
      <Filter>Source Files</Filter>
    </ClCompile>
    <ClCompile Include="..\decompiled\sub_4347A0.c">
      <Filter>Source Files</Filter>
    </ClCompile>
    <ClCompile Include="..\decompiled\sub_4348D0.c">
      <Filter>Source Files</Filter>
    </ClCompile>
    <ClCompile Include="..\decompiled\sub_4350E0.c">
      <Filter>Source Files</Filter>
    </ClCompile>
    <ClCompile Include="..\decompiled\sub_422340.c">
      <Filter>Source Files</Filter>
    </ClCompile>
    <ClCompile Include="..\decompiled\sub_423850.c">
      <Filter>Source Files</Filter>
    </ClCompile>
    <ClCompile Include="..\decompiled\sub_428270.c">
      <Filter>Source Files</Filter>
    </ClCompile>
    <ClCompile Include="..\decompiled\sub_429100.c">
      <Filter>Source Files</Filter>
    </ClCompile>
    <ClCompile Include="..\decompiled\sub_429140.c">
      <Filter>Source Files</Filter>
    </ClCompile>
    <ClCompile Include="..\decompiled\sub_429220.c">
      <Filter>Source Files</Filter>
    </ClCompile>
    <ClCompile Include="..\decompiled\sub_429240.c">
      <Filter>Source Files</Filter>
    </ClCompile>
    <ClCompile Include="..\decompiled\sub_429280.c">
      <Filter>Source Files</Filter>
    </ClCompile>
    <ClCompile Include="..\decompiled\sub_429310.c">
      <Filter>Source Files</Filter>
    </ClCompile>
    <ClCompile Include="..\decompiled\sub_429380.c">
      <Filter>Source Files</Filter>
    </ClCompile>
    <ClCompile Include="..\decompiled\sub_429540.c">
      <Filter>Source Files</Filter>
    </ClCompile>
    <ClCompile Include="..\decompiled\sub_430500.c">
      <Filter>Source Files</Filter>
    </ClCompile>
    <ClCompile Include="..\decompiled\sub_430750.c">
      <Filter>Source Files</Filter>
    </ClCompile>
    <ClCompile Include="..\decompiled\sub_430810.c">
      <Filter>Source Files</Filter>
    </ClCompile>
    <ClCompile Include="..\decompiled\sub_430820.c">
      <Filter>Source Files</Filter>
    </ClCompile>
    <ClCompile Include="..\decompiled\sub_431110.c">
      <Filter>Source Files</Filter>
    </ClCompile>
    <ClCompile Include="..\decompiled\sub_431680.c">
      <Filter>Source Files</Filter>
    </ClCompile>
    <ClCompile Include="..\decompiled\sub_431760.c">
      <Filter>Source Files</Filter>
    </ClCompile>
    <ClCompile Include="..\decompiled\sub_431810.c">
      <Filter>Source Files</Filter>
    </ClCompile>
    <ClCompile Include="..\decompiled\sub_431900.c">
      <Filter>Source Files</Filter>
    </ClCompile>
    <ClCompile Include="..\decompiled\sub_431990.c">
      <Filter>Source Files</Filter>
    </ClCompile>
    <ClCompile Include="..\decompiled\sub_433220.c">
      <Filter>Source Files</Filter>
    </ClCompile>
    <ClCompile Include="..\decompiled\sub_433530.c">
      <Filter>Source Files</Filter>
    </ClCompile>
    <ClCompile Include="..\decompiled\sub_433610.c">
      <Filter>Source Files</Filter>
    </ClCompile>
    <ClCompile Include="..\decompiled\sub_433630.c">
      <Filter>Source Files</Filter>
    </ClCompile>
    <ClCompile Include="..\decompiled\sub_434000.c">
      <Filter>Source Files</Filter>
    </ClCompile>
    <ClCompile Include="..\decompiled\sub_434600.c">
      <Filter>Source Files</Filter>
    </ClCompile>
    <ClCompile Include="..\decompiled\sub_435000.c">
      <Filter>Source Files</Filter>
    </ClCompile>
    <ClCompile Include="..\decompiled\sub_435090.c">
      <Filter>Source Files</Filter>
    </ClCompile>
    <ClCompile Include="..\decompiled\sub_437030.c">
      <Filter>Source Files</Filter>
    </ClCompile>
    <ClCompile Include="..\decompiled\sub_437040.c">
      <Filter>Source Files</Filter>
    </ClCompile>
    <ClCompile Include="..\decompiled\touch_demo_file.c">
      <Filter>Source Files</Filter>
    </ClCompile>
    <ClCompile Include="..\decompiled\ui_error.c">
      <Filter>Source Files</Filter>
    </ClCompile>
    <ClCompile Include="..\decompiled\W2k_cdrom_deinit.c">
      <Filter>Source Files</Filter>
    </ClCompile>
    <ClCompile Include="..\decompiled\W2k_cdrom_init.c">
      <Filter>Source Files</Filter>
    </ClCompile>
    <ClCompile Include="..\decompiled\W2k_cdrom_play_cdda.c">
      <Filter>Source Files</Filter>
    </ClCompile>
    <ClCompile Include="..\decompiled\W2k_cdrom_read_data.c">
      <Filter>Source Files</Filter>
    </ClCompile>
    <ClCompile Include="..\decompiled\w2k_cdrom_settings.c">
      <Filter>Source Files</Filter>
    </ClCompile>
    <ClCompile Include="..\decompiled\W2k_cdrom_stop.c">
      <Filter>Source Files</Filter>
    </ClCompile>
    <ClCompile Include="..\decompiled\W2k_cdrom_subchannel_read.c">
      <Filter>Source Files</Filter>
    </ClCompile>
    <ClCompile Include="..\decompiled\W9x_cdrom_deinit.c">
      <Filter>Source Files</Filter>
    </ClCompile>
    <ClCompile Include="..\decompiled\W9x_cdrom_init.c">
      <Filter>Source Files</Filter>
    </ClCompile>
    <ClCompile Include="..\decompiled\W9x_cdrom_read_data.c">
      <Filter>Source Files</Filter>
    </ClCompile>
    <ClCompile Include="..\decompiled\w9x_cdrom_settings.c">
      <Filter>Source Files</Filter>
    </ClCompile>
    <ClCompile Include="..\decompiled\W9x_cdrom_stop.c">
      <Filter>Source Files</Filter>
    </ClCompile>
    <ClCompile Include="..\decompiled\W9x_cdrom_subchannel_read.c">
      <Filter>Source Files</Filter>
    </ClCompile>
    <ClCompile Include="..\decompiled\W9x_play_cdda.c">
      <Filter>Source Files</Filter>
    </ClCompile>
    <ClCompile Include="..\decompiled\WinMain.c">
      <Filter>Source Files</Filter>
    </ClCompile>
    <ClCompile Include="..\vars.c">
      <Filter>Source Files</Filter>
    </ClCompile>
    <ClCompile Include="..\decompiled\calc_bios_checksum.c">
      <Filter>Source Files</Filter>
    </ClCompile>
    <ClCompile Include="..\decompiled\gpu_cursor.c">
      <Filter>Source Files</Filter>
    </ClCompile>
    <ClCompile Include="..\decompiled\gpu_hide_screen_pic.c">
      <Filter>Source Files</Filter>
    </ClCompile>
    <ClCompile Include="..\decompiled\iso_load.c">
      <Filter>Source Files</Filter>
    </ClCompile>
    <ClCompile Include="..\decompiled\net_pause.c">
      <Filter>Source Files</Filter>
    </ClCompile>
    <ClCompile Include="..\decompiled\net_resume.c">
      <Filter>Source Files</Filter>
    </ClCompile>
    <ClCompile Include="..\decompiled\spu_registered_callback.c">
      <Filter>Source Files</Filter>
    </ClCompile>
    <ClCompile Include="..\decompiled\hw_reg_unfreeze.c">
      <Filter>Source Files</Filter>
    </ClCompile>
    <ClCompile Include="..\decompiled\irq_unfreeze.c">
      <Filter>Source Files</Filter>
    </ClCompile>
    <ClCompile Include="..\decompiled\memcard12_save.c">
      <Filter>Source Files</Filter>
    </ClCompile>
    <ClCompile Include="..\decompiled\cdr_unfreeze.c">
      <Filter>Source Files</Filter>
    </ClCompile>
    <ClCompile Include="..\decompiled\clear_cpu_regs.c">
      <Filter>Source Files</Filter>
    </ClCompile>
    <ClCompile Include="..\decompiled\clear_hw_regs.c">
      <Filter>Source Files</Filter>
    </ClCompile>
    <ClCompile Include="..\decompiled\close_output_window.c">
      <Filter>Source Files</Filter>
    </ClCompile>
    <ClCompile Include="..\decompiled\controller_set_joypad.c">
      <Filter>Source Files</Filter>
    </ClCompile>
    <ClCompile Include="..\decompiled\controller_set_keyboard.c">
      <Filter>Source Files</Filter>
    </ClCompile>
    <ClCompile Include="..\decompiled\controller_setup_callback.c">
      <Filter>Source Files</Filter>
    </ClCompile>
    <ClCompile Include="..\decompiled\create_output_window.c">
      <Filter>Source Files</Filter>
    </ClCompile>
    <ClCompile Include="..\decompiled\mdec_freeze.c">
      <Filter>Source Files</Filter>
    </ClCompile>
    <ClCompile Include="..\decompiled\mdec_freeze2.c">
      <Filter>Source Files</Filter>
    </ClCompile>
    <ClCompile Include="..\decompiled\mdec_sse_m_empty.c">
      <Filter>Source Files</Filter>
    </ClCompile>
    <ClCompile Include="..\decompiled\mdec_unfreeze.c">
      <Filter>Source Files</Filter>
    </ClCompile>
    <ClCompile Include="..\decompiled\mdec_unfreeze2.c">
      <Filter>Source Files</Filter>
    </ClCompile>
    <ClCompile Include="..\decompiled\output_win_callback.c">
      <Filter>Source Files</Filter>
    </ClCompile>
    <ClCompile Include="..\decompiled\ppf_free.c">
      <Filter>Source Files</Filter>
    </ClCompile>
    <ClCompile Include="..\decompiled\register_output_win_class.c">
      <Filter>Source Files</Filter>
    </ClCompile>
    <ClCompile Include="..\decompiled\save_temp_memcard1.c">
      <Filter>Source Files</Filter>
    </ClCompile>
    <ClCompile Include="..\decompiled\save_temp_memcard2.c">
      <Filter>Source Files</Filter>
    </ClCompile>
    <ClCompile Include="..\decompiled\setup_wizard_init.c">
      <Filter>Source Files</Filter>
    </ClCompile>
    <ClCompile Include="..\decompiled\xa_clear_adpcm_state.c">
      <Filter>Source Files</Filter>
    </ClCompile>
    <ClCompile Include="..\decompiled\xa_decode_adpcm_block.c">
      <Filter>Source Files</Filter>
    </ClCompile>
    <ClCompile Include="..\decompiled\xa_decode_mono_blocks.c">
      <Filter>Source Files</Filter>
    </ClCompile>
    <ClCompile Include="..\decompiled\xa_decode_stereo_blocks.c">
      <Filter>Source Files</Filter>
    </ClCompile>
    <ClCompile Include="..\decompiled\xa_decode_wrapper.c">
      <Filter>Source Files</Filter>
    </ClCompile>
    <ClCompile Include="..\decompiled\xa_get_audio_mode.c">
      <Filter>Source Files</Filter>
    </ClCompile>
    <ClCompile Include="..\decompiled\xa_setup_adpcm_decoder.c">
      <Filter>Source Files</Filter>
    </ClCompile>
    <ClCompile Include="..\decompiled\gte_clear_regs.c">
      <Filter>Source Files</Filter>
    </ClCompile>
    <ClCompile Include="..\decompiled\gte_rtps.c">
      <Filter>Source Files</Filter>
    </ClCompile>
    <ClCompile Include="..\decompiled\gte_rtpt.c">
      <Filter>Source Files</Filter>
    </ClCompile>
    <ClCompile Include="..\decompiled\joy_issue_small_motor.c">
      <Filter>Source Files</Filter>
    </ClCompile>
    <ClCompile Include="..\decompiled\net_fill_input.c">
      <Filter>Source Files</Filter>
    </ClCompile>
    <ClCompile Include="..\decompiled\spucore_set_pitchmod.c">
      <Filter>Source Files</Filter>
    </ClCompile>
    <ClCompile Include="..\decompiled\spucore_set_voiceon.c">
      <Filter>Source Files</Filter>
    </ClCompile>
    <ClCompile Include="..\decompiled\spucore_update_thunk.c">
      <Filter>Source Files</Filter>
    </ClCompile>
    <ClCompile Include="..\decompiled\zip_get_filename_from_path.c">
      <Filter>Source Files</Filter>
    </ClCompile>
    <ClCompile Include="..\decompiled\zip_inflate_file.c">
      <Filter>Source Files</Filter>
    </ClCompile>
    <ClCompile Include="..\decompiled\zip_load_central_directory.c">
      <Filter>Source Files</Filter>
    </ClCompile>
    <ClCompile Include="..\decompiled\zip_load_file.c">
      <Filter>Source Files</Filter>
    </ClCompile>
    <ClCompile Include="..\decompiled\zip_locate_central_dir.c">
      <Filter>Source Files</Filter>
    </ClCompile>
    <ClCompile Include="..\decompiled\zip_parse_cd_entry.c">
      <Filter>Source Files</Filter>
    </ClCompile>
    <ClCompile Include="..\decompiled\zip_print.c">
      <Filter>Source Files</Filter>
    </ClCompile>
    <ClCompile Include="..\decompiled\zip_read_local_file_header.c">
      <Filter>Source Files</Filter>
    </ClCompile>
    <ClCompile Include="..\decompiled\zip_read_uint16_le.c">
      <Filter>Source Files</Filter>
    </ClCompile>
    <ClCompile Include="..\decompiled\zip_read_uint32_le.c">
      <Filter>Source Files</Filter>
    </ClCompile>
    <ClCompile Include="..\decompiled\joy_init.c">
      <Filter>Source Files</Filter>
    </ClCompile>
    <ClCompile Include="..\decompiled\joy_issue_big_motor.c">
      <Filter>Source Files</Filter>
    </ClCompile>
    <ClCompile Include="..\decompiled\zip_build_huffman_tree.c">
      <Filter>Source Files</Filter>
    </ClCompile>
    <ClCompile Include="..\decompiled\zip_compare_filename_case_insensitive.c">
      <Filter>Source Files</Filter>
    </ClCompile>
    <ClCompile Include="..\decompiled\zip_copy_sliding_window_to_output.c">
      <Filter>Source Files</Filter>
    </ClCompile>
    <ClCompile Include="..\decompiled\zip_extract_file.c">
      <Filter>Source Files</Filter>
    </ClCompile>
    <ClCompile Include="..\decompiled\zip_find_end_of_central_dir_signature.c">
      <Filter>Source Files</Filter>
    </ClCompile>
    <ClCompile Include="..\decompiled\zip_free_huffman_tree.c">
      <Filter>Source Files</Filter>
    </ClCompile>
    <ClCompile Include="..\decompiled\zip_get_file_size.c">
      <Filter>Source Files</Filter>
    </ClCompile>
    <ClCompile Include="..\decompiled\zip_inflate_block.c">
      <Filter>Source Files</Filter>
    </ClCompile>
    <ClCompile Include="..\decompiled\zip_inflate_data_with_trees.c">
      <Filter>Source Files</Filter>
    </ClCompile>
    <ClCompile Include="..\decompiled\zip_load_local_file_headers.c">
      <Filter>Source Files</Filter>
    </ClCompile>
    <ClCompile Include="..\decompiled\zip_read_compressed_data_to_buffer.c">
      <Filter>Source Files</Filter>
    </ClCompile>
    <ClCompile Include="..\decompiled\spucore_decode_adpcm_block.c">
      <Filter>Source Files</Filter>
    </ClCompile>
    <ClCompile Include="..\decompiled\spucore_dma_read_fifo.c">
      <Filter>Source Files</Filter>
    </ClCompile>
    <ClCompile Include="..\decompiled\spucore_dma_write_fifo.c">
      <Filter>Source Files</Filter>
    </ClCompile>
    <ClCompile Include="..\decompiled\spucore_generate_samples.c">
      <Filter>Source Files</Filter>
    </ClCompile>
    <ClCompile Include="..\decompiled\spucore_init_dsound.c">
      <Filter>Source Files</Filter>
    </ClCompile>
    <ClCompile Include="..\decompiled\spucore_init_gauss_table.c">
      <Filter>Source Files</Filter>
    </ClCompile>
    <ClCompile Include="..\decompiled\spucore_read_cnt.c">
      <Filter>Source Files</Filter>
    </ClCompile>
    <ClCompile Include="..\decompiled\spucore_read_dma_ctrl.c">
      <Filter>Source Files</Filter>
    </ClCompile>
    <ClCompile Include="..\decompiled\spucore_read_status_hi.c">
      <Filter>Source Files</Filter>
    </ClCompile>
    <ClCompile Include="..\decompiled\spucore_read_voice_reg.c">
      <Filter>Source Files</Filter>
    </ClCompile>
    <ClCompile Include="..\decompiled\spucore_set_dma_address.c">
      <Filter>Source Files</Filter>
    </ClCompile>
    <ClCompile Include="..\decompiled\spucore_update_dsound.c">
      <Filter>Source Files</Filter>
    </ClCompile>
    <ClCompile Include="..\decompiled\spucore_voice_key_off.c">
      <Filter>Source Files</Filter>
    </ClCompile>
    <ClCompile Include="..\decompiled\spucore_voice_key_on.c">
      <Filter>Source Files</Filter>
    </ClCompile>
    <ClCompile Include="..\decompiled\spucore_write_cnt.c">
      <Filter>Source Files</Filter>
    </ClCompile>
    <ClCompile Include="..\decompiled\spucore_write_dma_ctrl.c">
      <Filter>Source Files</Filter>
    </ClCompile>
    <ClCompile Include="..\decompiled\spucore_write_status_hi.c">
      <Filter>Source Files</Filter>
    </ClCompile>
    <ClCompile Include="..\decompiled\spucore_write_voice_reg.c">
      <Filter>Source Files</Filter>
    </ClCompile>
    <ClCompile Include="..\decompiled\cdfs_find_file.c">
      <Filter>Source Files</Filter>
    </ClCompile>
    <ClCompile Include="..\decompiled\cdfs_load_executable.c">
      <Filter>Source Files</Filter>
    </ClCompile>
    <ClCompile Include="..\decompiled\cdfs_parse_system_cnf_for_exec.c">
      <Filter>Source Files</Filter>
    </ClCompile>
    <ClCompile Include="..\decompiled\cdfs_read_data.c">
      <Filter>Source Files</Filter>
    </ClCompile>
    <ClCompile Include="..\decompiled\cdfs_read_le32.c">
      <Filter>Source Files</Filter>
    </ClCompile>
    <ClCompile Include="..\decompiled\cdfs_read_root_directory.c">
      <Filter>Source Files</Filter>
    </ClCompile>
    <ClCompile Include="..\decompiled\diAcquireAllDevices.c">
      <Filter>Source Files</Filter>
    </ClCompile>
    <ClCompile Include="..\decompiled\diAcquireMouseDevice.c">
      <Filter>Source Files</Filter>
    </ClCompile>
    <ClCompile Include="..\decompiled\diCreateEffectHelper.c">
      <Filter>Source Files</Filter>
    </ClCompile>
    <ClCompile Include="..\decompiled\diEnumDevicesCallback.c">
      <Filter>Source Files</Filter>
    </ClCompile>
    <ClCompile Include="..\decompiled\diEnumEffectsCallback.c">
      <Filter>Source Files</Filter>
    </ClCompile>
    <ClCompile Include="..\decompiled\diGetClampedMouseX.c">
      <Filter>Source Files</Filter>
    </ClCompile>
    <ClCompile Include="..\decompiled\diGetClampedMouseY.c">
      <Filter>Source Files</Filter>
    </ClCompile>
    <ClCompile Include="..\decompiled\diGetJoystickButtonState1.c">
      <Filter>Source Files</Filter>
    </ClCompile>
    <ClCompile Include="..\decompiled\diGetJoystickButtonState2.c">
      <Filter>Source Files</Filter>
    </ClCompile>
    <ClCompile Include="..\decompiled\diGetJoystickButtonState3.c">
      <Filter>Source Files</Filter>
    </ClCompile>
    <ClCompile Include="..\decompiled\diGetJoystickButtonState4.c">
      <Filter>Source Files</Filter>
    </ClCompile>
    <ClCompile Include="..\decompiled\diGetMouseState.c">
      <Filter>Source Files</Filter>
    </ClCompile>
    <ClCompile Include="..\decompiled\diInitDirectInput.c">
      <Filter>Source Files</Filter>
    </ClCompile>
    <ClCompile Include="..\decompiled\diInitEffectStruct.c">
      <Filter>Source Files</Filter>
    </ClCompile>
    <ClCompile Include="..\decompiled\diSetConstantForceMagnitude.c">
      <Filter>Source Files</Filter>
    </ClCompile>
    <ClCompile Include="..\decompiled\diSetEffectMagnitude.c">
      <Filter>Source Files</Filter>
    </ClCompile>
    <ClCompile Include="..\decompiled\diSetPeriodicForceMagnitude.c">
      <Filter>Source Files</Filter>
    </ClCompile>
    <ClCompile Include="..\decompiled\diSetupConstantForceEffect.c">
      <Filter>Source Files</Filter>
    </ClCompile>
    <ClCompile Include="..\decompiled\diSetupPeriodicForceEffect.c">
      <Filter>Source Files</Filter>
    </ClCompile>
    <ClCompile Include="..\decompiled\diShutdownDirectInput.c">
      <Filter>Source Files</Filter>
    </ClCompile>
    <ClCompile Include="..\decompiled\diUnacquireAllDevices.c">
      <Filter>Source Files</Filter>
    </ClCompile>
    <ClCompile Include="..\decompiled\diUpdateDeviceStates.c">
      <Filter>Source Files</Filter>
    </ClCompile>
    <ClCompile Include="..\decompiled\diUpdateJoystickStates.c">
      <Filter>Source Files</Filter>
    </ClCompile>
    <ClCompile Include="..\decompiled\hw_reg_freeze.c">
      <Filter>Source Files</Filter>
    </ClCompile>
    <ClCompile Include="..\decompiled\iso_read_data.c">
      <Filter>Source Files</Filter>
    </ClCompile>
    <ClCompile Include="..\decompiled\gte_cc.c">
      <Filter>Source Files</Filter>
    </ClCompile>
    <ClCompile Include="..\decompiled\gte_cdp.c">
      <Filter>Source Files</Filter>
    </ClCompile>
    <ClCompile Include="..\decompiled\gte_convert_to_5bit.c">
      <Filter>Source Files</Filter>
    </ClCompile>
    <ClCompile Include="..\decompiled\gte_count_leading_bits.c">
      <Filter>Source Files</Filter>
    </ClCompile>
    <ClCompile Include="..\decompiled\gte_dcpl.c">
      <Filter>Source Files</Filter>
    </ClCompile>
    <ClCompile Include="..\decompiled\gte_dpcs.c">
      <Filter>Source Files</Filter>
    </ClCompile>
    <ClCompile Include="..\decompiled\gte_dpct.c">
      <Filter>Source Files</Filter>
    </ClCompile>
    <ClCompile Include="..\decompiled\gte_nccs.c">
      <Filter>Source Files</Filter>
    </ClCompile>
    <ClCompile Include="..\decompiled\gte_ncct.c">
      <Filter>Source Files</Filter>
    </ClCompile>
    <ClCompile Include="..\decompiled\gte_ncds.c">
      <Filter>Source Files</Filter>
    </ClCompile>
    <ClCompile Include="..\decompiled\gte_ncdt.c">
      <Filter>Source Files</Filter>
    </ClCompile>
    <ClCompile Include="..\decompiled\gte_ncs.c">
      <Filter>Source Files</Filter>
    </ClCompile>
    <ClCompile Include="..\decompiled\gte_nct.c">
      <Filter>Source Files</Filter>
    </ClCompile>
    <ClCompile Include="..\decompiled\gte_op.c">
      <Filter>Source Files</Filter>
    </ClCompile>
    <ClCompile Include="..\decompiled\gte_op_shifted.c">
      <Filter>Source Files</Filter>
    </ClCompile>
    <ClCompile Include="..\decompiled\gte_read_data_register.c">
      <Filter>Source Files</Filter>
    </ClCompile>
    <ClCompile Include="..\decompiled\gte_write_data_register.c">
      <Filter>Source Files</Filter>
    </ClCompile>
    <ClCompile Include="..\decompiled\W2k_cdrom_gettrackinfo.c">
      <Filter>Source Files</Filter>
    </ClCompile>
    <ClCompile Include="..\decompiled\W2k_scsi_pass_through_direct.c">
      <Filter>Source Files</Filter>
    </ClCompile>
    <ClCompile Include="..\decompiled\W2k_sub_433B20.c">
      <Filter>Source Files</Filter>
    </ClCompile>
    <ClCompile Include="..\decompiled\W9x_cdrom_gettrackinfo.c">
      <Filter>Source Files</Filter>
    </ClCompile>
    <ClCompile Include="..\decompiled\W9x_free_winaspi_dll.c">
      <Filter>Source Files</Filter>
    </ClCompile>
    <ClCompile Include="..\decompiled\W9x_load_win_aspi_silent.c">
      <Filter>Source Files</Filter>
    </ClCompile>
    <ClCompile Include="..\decompiled\W9x_load_winaspi_dll.c">
      <Filter>Source Files</Filter>
    </ClCompile>
    <ClCompile Include="..\decompiled\cdr_dma.c">
      <Filter>Source Files</Filter>
    </ClCompile>
    <ClCompile Include="..\decompiled\cdr_reg0_write.c">
      <Filter>Source Files</Filter>
    </ClCompile>
    <ClCompile Include="..\decompiled\cdr_reg1_write.c">
      <Filter>Source Files</Filter>
    </ClCompile>
    <ClCompile Include="..\decompiled\cdr_reg2_write.c">
      <Filter>Source Files</Filter>
    </ClCompile>
    <ClCompile Include="..\decompiled\cdr_reg3_write.c">
      <Filter>Source Files</Filter>
    </ClCompile>
    <ClCompile Include="..\decompiled\cdr_sub_42B680.c">
      <Filter>Source Files</Filter>
    </ClCompile>
    <ClCompile Include="..\decompiled\cdrom_fake_create_file.c">
      <Filter>Source Files</Filter>
    </ClCompile>
    <ClCompile Include="..\decompiled\cdrom_fake_load_file.c">
      <Filter>Source Files</Filter>
    </ClCompile>
    <ClCompile Include="..\decompiled\cdrom_fake_read_portion.c">
      <Filter>Source Files</Filter>
    </ClCompile>
    <ClCompile Include="..\decompiled\cdrom_fake_write.c">
      <Filter>Source Files</Filter>
    </ClCompile>
    <ClCompile Include="..\decompiled\cdrom_fake_write_portion.c">
      <Filter>Source Files</Filter>
    </ClCompile>
    <ClCompile Include="..\decompiled\cfg_cdrom_iso_set_path.c">
      <Filter>Source Files</Filter>
    </ClCompile>
    <ClCompile Include="..\decompiled\cfg_cdrom_set_hain_target_lun.c">
      <Filter>Source Files</Filter>
    </ClCompile>
    <ClCompile Include="..\decompiled\cfg_cdrom_set_letter.c">
      <Filter>Source Files</Filter>
    </ClCompile>
    <ClCompile Include="..\decompiled\cfg_get_value.c">
      <Filter>Source Files</Filter>
    </ClCompile>
    <ClCompile Include="..\decompiled\cfg_load_settings.c">
      <Filter>Source Files</Filter>
    </ClCompile>
    <ClCompile Include="..\decompiled\cfg_save_settings.c">
      <Filter>Source Files</Filter>
    </ClCompile>
    <ClCompile Include="..\decompiled\cfg_set_value.c">
      <Filter>Source Files</Filter>
    </ClCompile>
    <ClCompile Include="..\decompiled\check_bios_file_exists.c">
      <Filter>Source Files</Filter>
    </ClCompile>
    <ClCompile Include="..\decompiled\check_demo_header.c">
      <Filter>Source Files</Filter>
    </ClCompile>
    <ClCompile Include="..\decompiled\cont_process_input.c">
      <Filter>Source Files</Filter>
    </ClCompile>
    <ClCompile Include="..\decompiled\cont_set_default.c">
      <Filter>Source Files</Filter>
    </ClCompile>
    <ClCompile Include="..\decompiled\cont_sub_42CFE0.c">
      <Filter>Source Files</Filter>
    </ClCompile>
    <ClCompile Include="..\decompiled\cont_sub_42DCC0.c">
      <Filter>Source Files</Filter>
    </ClCompile>
    <ClCompile Include="..\decompiled\ext_CD_sub_430B60.c">
      <Filter>Source Files</Filter>
    </ClCompile>
    <ClCompile Include="..\decompiled\gpu_do_freeze.c">
      <Filter>Source Files</Filter>
    </ClCompile>
    <ClCompile Include="..\decompiled\gpu_draw_text_on_screen.c">
      <Filter>Source Files</Filter>
    </ClCompile>
    <ClCompile Include="..\decompiled\gpu_frame_update.c">
      <Filter>Source Files</Filter>
    </ClCompile>
    <ClCompile Include="..\decompiled\gpu_readData.c">
      <Filter>Source Files</Filter>
    </ClCompile>
    <ClCompile Include="..\decompiled\gpu_readStatus.c">
      <Filter>Source Files</Filter>
    </ClCompile>
    <ClCompile Include="..\decompiled\gpu_writeData.c">
      <Filter>Source Files</Filter>
    </ClCompile>
    <ClCompile Include="..\decompiled\gpu_writeStatus.c">
      <Filter>Source Files</Filter>
    </ClCompile>
    <ClCompile Include="..\decompiled\gte_exec_opcode.c">
      <Filter>Source Files</Filter>
    </ClCompile>
    <ClCompile Include="..\decompiled\init_performance_counter.c">
      <Filter>Source Files</Filter>
    </ClCompile>
    <ClCompile Include="..\decompiled\op_BGEZ.c">
      <Filter>Source Files</Filter>
    </ClCompile>
    <ClCompile Include="..\decompiled\op_BGEZAL.c">
      <Filter>Source Files</Filter>
    </ClCompile>
    <ClCompile Include="..\decompiled\op_BLTZ.c">
      <Filter>Source Files</Filter>
    </ClCompile>
    <ClCompile Include="..\decompiled\op_BLTZAL.c">
      <Filter>Source Files</Filter>
    </ClCompile>
    <ClCompile Include="..\decompiled\op_RFE.c">
      <Filter>Source Files</Filter>
    </ClCompile>
    <ClCompile Include="..\decompiled\W9x_exec_scsi_cmd.c">
      <Filter>Source Files</Filter>
    </ClCompile>
    <ClCompile Include="..\decompiled\W9x_init_aspi.c">
      <Filter>Source Files</Filter>
    </ClCompile>
    <ClCompile Include="..\decompiled\W9x_sub_433930.c">
      <Filter>Source Files</Filter>
    </ClCompile>
    <ClCompile Include="..\decompiled\dump_log.c">
      <Filter>Source Files</Filter>
    </ClCompile>
  </ItemGroup>
  <ItemGroup>
    <Image Include="..\resources\BITMAP140_1.bmp">
      <Filter>Resource Files</Filter>
    </Image>
    <Image Include="..\resources\BITMAP142_1.bmp">
      <Filter>Resource Files</Filter>
    </Image>
    <Image Include="..\resources\BITMAP144_1.bmp">
      <Filter>Resource Files</Filter>
    </Image>
    <Image Include="..\resources\BITMAP145_1.bmp">
      <Filter>Resource Files</Filter>
    </Image>
    <Image Include="..\resources\ICON137_1.ico">
      <Filter>Resource Files</Filter>
    </Image>
  </ItemGroup>
  <ItemGroup>
    <ResourceCompile Include="..\resources\ePSXe.rc">
      <Filter>Resource Files</Filter>
    </ResourceCompile>
  </ItemGroup>
</Project>