<?xml version="1.0" encoding="utf-8"?>
<Project ToolsVersion="4.0" xmlns="http://schemas.microsoft.com/developer/msbuild/2003">
  <ItemGroup>
    <Filter Include="Source Files">
      <UniqueIdentifier>{4FC737F1-C7A5-4376-A066-2A32D752A2FF}</UniqueIdentifier>
      <Extensions>cpp;c;cc;cxx;c++;cppm;ixx;def;odl;idl;hpj;bat;asm;asmx</Extensions>
    </Filter>
    <Filter Include="Header Files">
      <UniqueIdentifier>{93995380-89BD-4b04-88EB-625FBE52EBFB}</UniqueIdentifier>
      <Extensions>h;hh;hpp;hxx;h++;hm;inl;inc;ipp;xsd</Extensions>
    </Filter>
    <Filter Include="Resource Files">
      <UniqueIdentifier>{67DA6AB6-F800-4c08-8B7A-83BB121AAD01}</UniqueIdentifier>
      <Extensions>rc;ico;cur;bmp;dlg;rc2;rct;bin;rgs;gif;jpg;jpeg;jpe;resx;tiff;tif;png;wav;mfcribbon-ms</Extensions>
    </Filter>
  </ItemGroup>
  <ItemGroup>
    <ClInclude Include="..\resources\Resource.h">
      <Filter>Header Files</Filter>
    </ClInclude>
    <ClInclude Include="..\src\bios_descr.h">
      <Filter>Header Files</Filter>
    </ClInclude>
    <ClInclude Include="..\src\cheat.h">
      <Filter>Header Files</Filter>
    </ClInclude>
    <ClInclude Include="..\src\dinput_shim.h">
      <Filter>Header Files</Filter>
    </ClInclude>
    <ClInclude Include="..\src\gte.h">
      <Filter>Header Files</Filter>
    </ClInclude>
    <ClInclude Include="..\src\input.h">
      <Filter>Header Files</Filter>
    </ClInclude>
    <ClInclude Include="..\src\pch.h">
      <Filter>Header Files</Filter>
    </ClInclude>
    <ClInclude Include="..\src\ppf.h">
      <Filter>Header Files</Filter>
    </ClInclude>
    <ClInclude Include="..\src\psemu.h">
      <Filter>Header Files</Filter>
    </ClInclude>
    <ClInclude Include="..\src\psxdefs.h">
      <Filter>Header Files</Filter>
    </ClInclude>
    <ClInclude Include="..\src\zip.h">
      <Filter>Header Files</Filter>
    </ClInclude>
    <ClInclude Include="..\src\main.h">
      <Filter>Header Files</Filter>
    </ClInclude>
    <ClInclude Include="..\src\cfg.h">
      <Filter>Header Files</Filter>
    </ClInclude>
    <ClInclude Include="..\src\ops.h">
      <Filter>Header Files</Filter>
    </ClInclude>
    <ClInclude Include="..\src\cpu.h">
      <Filter>Header Files</Filter>
    </ClInclude>
    <ClInclude Include="..\src\debug.h">
      <Filter>Header Files</Filter>
    </ClInclude>
    <ClInclude Include="..\src\op_tabs.h">
      <Filter>Header Files</Filter>
    </ClInclude>
    <ClInclude Include="..\src\burutter.h">
      <Filter>Header Files</Filter>
    </ClInclude>
    <ClInclude Include="..\src\cdfs.h">
      <Filter>Header Files</Filter>
    </ClInclude>
    <ClInclude Include="..\src\cdr.h">
      <Filter>Header Files</Filter>
    </ClInclude>
    <ClInclude Include="..\src\cdr_plugin.h">
      <Filter>Header Files</Filter>
    </ClInclude>
    <ClInclude Include="..\src\cdrom_fake.h">
      <Filter>Header Files</Filter>
    </ClInclude>
    <ClInclude Include="..\src\cdrom_iso.h">
      <Filter>Header Files</Filter>
    </ClInclude>
    <ClInclude Include="..\src\cdrom_w2k.h">
      <Filter>Header Files</Filter>
    </ClInclude>
    <ClInclude Include="..\src\cdrom_w9x.h">
      <Filter>Header Files</Filter>
    </ClInclude>
    <ClInclude Include="..\src\cont.h">
      <Filter>Header Files</Filter>
    </ClInclude>
    <ClInclude Include="..\src\dlg_callbacks.h">
      <Filter>Header Files</Filter>
    </ClInclude>
    <ClInclude Include="..\src\dynarec.h">
      <Filter>Header Files</Filter>
    </ClInclude>
    <ClInclude Include="..\src\gpu_plugin.h">
      <Filter>Header Files</Filter>
    </ClInclude>
    <ClInclude Include="..\src\hw.h">
      <Filter>Header Files</Filter>
    </ClInclude>
    <ClInclude Include="..\src\intr.h">
      <Filter>Header Files</Filter>
    </ClInclude>
    <ClInclude Include="..\src\loader.h">
      <Filter>Header Files</Filter>
    </ClInclude>
    <ClInclude Include="..\src\mainwnd.h">
      <Filter>Header Files</Filter>
    </ClInclude>
    <ClInclude Include="..\src\mdec.h">
      <Filter>Header Files</Filter>
    </ClInclude>
    <ClInclude Include="..\src\mem.h">
      <Filter>Header Files</Filter>
    </ClInclude>
    <ClInclude Include="..\src\net.h">
      <Filter>Header Files</Filter>
    </ClInclude>
    <ClInclude Include="..\src\setup_wizard.h">
      <Filter>Header Files</Filter>
    </ClInclude>
    <ClInclude Include="..\src\sio.h">
      <Filter>Header Files</Filter>
    </ClInclude>
    <ClInclude Include="..\src\spu_plugin.h">
      <Filter>Header Files</Filter>
    </ClInclude>
    <ClInclude Include="..\src\spucore.h">
      <Filter>Header Files</Filter>
    </ClInclude>
    <ClInclude Include="..\src\sstates.h">
      <Filter>Header Files</Filter>
    </ClInclude>
    <ClInclude Include="..\src\xa.h">
      <Filter>Header Files</Filter>
    </ClInclude>
    <ClInclude Include="..\src\plugin.h">
      <Filter>Header Files</Filter>
    </ClInclude>
    <ClInclude Include="..\src\mmx_compat.h">
      <Filter>Header Files</Filter>
    </ClInclude>
  </ItemGroup>
  <ItemGroup>
    <Image Include="..\resources\BITMAP140_1.bmp">
      <Filter>Resource Files</Filter>
    </Image>
    <Image Include="..\resources\BITMAP142_1.bmp">
      <Filter>Resource Files</Filter>
    </Image>
    <Image Include="..\resources\BITMAP144_1.bmp">
      <Filter>Resource Files</Filter>
    </Image>
    <Image Include="..\resources\BITMAP145_1.bmp">
      <Filter>Resource Files</Filter>
    </Image>
    <Image Include="..\resources\ICON137_1.ico">
      <Filter>Resource Files</Filter>
    </Image>
  </ItemGroup>
  <ItemGroup>
    <ResourceCompile Include="..\resources\ePSXe.rc">
      <Filter>Resource Files</Filter>
    </ResourceCompile>
  </ItemGroup>
  <ItemGroup>
    <ClCompile Include="..\src\burutter.c">
      <Filter>Source Files</Filter>
    </ClCompile>
    <ClCompile Include="..\src\cdfs.c">
      <Filter>Source Files</Filter>
    </ClCompile>
    <ClCompile Include="..\src\cdr.c">
      <Filter>Source Files</Filter>
    </ClCompile>
    <ClCompile Include="..\src\cdr_plugin.c">
      <Filter>Source Files</Filter>
    </ClCompile>
    <ClCompile Include="..\src\cdrom_fake.c">
      <Filter>Source Files</Filter>
    </ClCompile>
    <ClCompile Include="..\src\cdrom_iso.c">
      <Filter>Source Files</Filter>
    </ClCompile>
    <ClCompile Include="..\src\cdrom_w2k.c">
      <Filter>Source Files</Filter>
    </ClCompile>
    <ClCompile Include="..\src\cdrom_w9x.c">
      <Filter>Source Files</Filter>
    </ClCompile>
    <ClCompile Include="..\src\cfg.c">
      <Filter>Source Files</Filter>
    </ClCompile>
    <ClCompile Include="..\src\cont.c">
      <Filter>Source Files</Filter>
    </ClCompile>
    <ClCompile Include="..\src\debug.c">
      <Filter>Source Files</Filter>
    </ClCompile>
    <ClCompile Include="..\src\input.c">
      <Filter>Source Files</Filter>
    </ClCompile>
    <ClCompile Include="..\src\dlg_callbacks.c">
      <Filter>Source Files</Filter>
    </ClCompile>
    <ClCompile Include="..\src\dynarec.c">
      <Filter>Source Files</Filter>
    </ClCompile>
    <ClCompile Include="..\src\gpu_plugin.c">
      <Filter>Source Files</Filter>
    </ClCompile>
    <ClCompile Include="..\src\gte.c">
      <Filter>Source Files</Filter>
    </ClCompile>
    <ClCompile Include="..\src\hw.c">
      <Filter>Source Files</Filter>
    </ClCompile>
    <ClCompile Include="..\src\intr.c">
      <Filter>Source Files</Filter>
    </ClCompile>
    <ClCompile Include="..\src\loader.c">
      <Filter>Source Files</Filter>
    </ClCompile>
    <ClCompile Include="..\src\main.c">
      <Filter>Source Files</Filter>
    </ClCompile>
    <ClCompile Include="..\src\mainwnd.c">
      <Filter>Source Files</Filter>
    </ClCompile>
    <ClCompile Include="..\src\mdec.c">
      <Filter>Source Files</Filter>
    </ClCompile>
    <ClCompile Include="..\src\mem.c">
      <Filter>Source Files</Filter>
    </ClCompile>
    <ClCompile Include="..\src\net.c">
      <Filter>Source Files</Filter>
    </ClCompile>
    <ClCompile Include="..\src\op_tabs.c">
      <Filter>Source Files</Filter>
    </ClCompile>
    <ClCompile Include="..\src\ops.c">
      <Filter>Source Files</Filter>
    </ClCompile>
    <ClCompile Include="..\src\pch.c">
      <Filter>Source Files</Filter>
    </ClCompile>
    <ClCompile Include="..\src\ppf.c">
      <Filter>Source Files</Filter>
    </ClCompile>
    <ClCompile Include="..\src\setup_wizard.c">
      <Filter>Source Files</Filter>
    </ClCompile>
    <ClCompile Include="..\src\sio.c">
      <Filter>Source Files</Filter>
    </ClCompile>
    <ClCompile Include="..\src\spu_plugin.c">
      <Filter>Source Files</Filter>
    </ClCompile>
    <ClCompile Include="..\src\spucore.c">
      <Filter>Source Files</Filter>
    </ClCompile>
    <ClCompile Include="..\src\sstates.c">
      <Filter>Source Files</Filter>
    </ClCompile>
    <ClCompile Include="..\src\zip.c">
      <Filter>Source Files</Filter>
    </ClCompile>
    <ClCompile Include="..\src\xa.c">
      <Filter>Source Files</Filter>
    </ClCompile>
    <ClCompile Include="..\src\cpu.c">
      <Filter>Source Files</Filter>
    </ClCompile>
    <ClCompile Include="..\src\cheat.c">
      <Filter>Source Files</Filter>
    </ClCompile>
    <ClCompile Include="..\src\plugin.c">
      <Filter>Source Files</Filter>
    </ClCompile>
    <ClCompile Include="..\src\dinput_shim.c">
      <Filter>Source Files</Filter>
    </ClCompile>
  </ItemGroup>
</Project>